// !$*UTF8*$!
{
	archiveVersion = 1;
	classes = {
	};
	objectVersion = 51;
	objects = {

/* Begin PBXBuildFile section */
		8F05DA4326A964EE004EA79B /* MainScreenViewController.swift in Sources */ = {isa = PBXBuildFile; fileRef = 8F05DA4126A964EE004EA79B /* MainScreenViewController.swift */; };
		8F05DA4426A964EE004EA79B /* MainScreenViewController.xib in Resources */ = {isa = PBXBuildFile; fileRef = 8F05DA4226A964EE004EA79B /* MainScreenViewController.xib */; };
		8F05DA4626A96507004EA79B /* MainScreenViewModel.swift in Sources */ = {isa = PBXBuildFile; fileRef = 8F05DA4526A96507004EA79B /* MainScreenViewModel.swift */; };
		8F05DA4A26A97FCD004EA79B /* Repository.swift in Sources */ = {isa = PBXBuildFile; fileRef = 8F05DA4926A97FCD004EA79B /* Repository.swift */; };
		8F05DA4D26A98046004EA79B /* Measurement.swift in Sources */ = {isa = PBXBuildFile; fileRef = 8F05DA4C26A98046004EA79B /* Measurement.swift */; };
		8F05DA4F26A981F7004EA79B /* RemoteDataSource.swift in Sources */ = {isa = PBXBuildFile; fileRef = 8F05DA4E26A981F7004EA79B /* RemoteDataSource.swift */; };
		8F05DA5226A98291004EA79B /* Router.swift in Sources */ = {isa = PBXBuildFile; fileRef = 8F05DA5126A98291004EA79B /* Router.swift */; };
		8F05DA5426A98341004EA79B /* AlamofireDataSource.swift in Sources */ = {isa = PBXBuildFile; fileRef = 8F05DA5326A98341004EA79B /* AlamofireDataSource.swift */; };
		8F05DA5726A98438004EA79B /* RepositoryImplementation.swift in Sources */ = {isa = PBXBuildFile; fileRef = 8F05DA5626A98438004EA79B /* RepositoryImplementation.swift */; };
		8F05DA5C26A98BF5004EA79B /* MeasurementHistoryScreenViewModel.swift in Sources */ = {isa = PBXBuildFile; fileRef = 8F05DA5B26A98BF5004EA79B /* MeasurementHistoryScreenViewModel.swift */; };
		8F05DA5F26A98C17004EA79B /* MeasurementHistoryScreenViewController.swift in Sources */ = {isa = PBXBuildFile; fileRef = 8F05DA5D26A98C17004EA79B /* MeasurementHistoryScreenViewController.swift */; };
		8F05DA6026A98C17004EA79B /* MeasurementHistoryScreenViewController.xib in Resources */ = {isa = PBXBuildFile; fileRef = 8F05DA5E26A98C17004EA79B /* MeasurementHistoryScreenViewController.xib */; };
		8F05DA6426A98C68004EA79B /* MeasurementHistoryTableViewCell.swift in Sources */ = {isa = PBXBuildFile; fileRef = 8F05DA6226A98C68004EA79B /* MeasurementHistoryTableViewCell.swift */; };
		8F05DA6526A98C68004EA79B /* MeasurementHistoryTableViewCell.xib in Resources */ = {isa = PBXBuildFile; fileRef = 8F05DA6326A98C68004EA79B /* MeasurementHistoryTableViewCell.xib */; };
		8F05DA6726A9AD7A004EA79B /* Meta.swift in Sources */ = {isa = PBXBuildFile; fileRef = 8F05DA6626A9AD7A004EA79B /* Meta.swift */; };
		8F05DA6926A9AEE0004EA79B /* MeasurementCollection.swift in Sources */ = {isa = PBXBuildFile; fileRef = 8F05DA6826A9AEE0004EA79B /* MeasurementCollection.swift */; };
		8F5EB11826AABE7A0028E384 /* BaseViewController.swift in Sources */ = {isa = PBXBuildFile; fileRef = 8F5EB11726AABE7A0028E384 /* BaseViewController.swift */; };
		8F5EB11A26AABE8F0028E384 /* BaseViewModel.swift in Sources */ = {isa = PBXBuildFile; fileRef = 8F5EB11926AABE8F0028E384 /* BaseViewModel.swift */; };
		8F5EB11D26AAC2DE0028E384 /* LoadingOverlay.swift in Sources */ = {isa = PBXBuildFile; fileRef = 8F5EB11C26AAC2DE0028E384 /* LoadingOverlay.swift */; };
		8F5EB12326AAD2EB0028E384 /* ViewUtils.swift in Sources */ = {isa = PBXBuildFile; fileRef = 8F5EB12226AAD2EB0028E384 /* ViewUtils.swift */; };
		8F5EB12526AAD3F10028E384 /* LoadingOverlay.xib in Resources */ = {isa = PBXBuildFile; fileRef = 8F5EB12426AAD3F10028E384 /* LoadingOverlay.xib */; };
		8F5EB12726AAF73C0028E384 /* CodableExtensions.swift in Sources */ = {isa = PBXBuildFile; fileRef = 8F5EB12626AAF73C0028E384 /* CodableExtensions.swift */; };
		8FF94E0726A960F4007309F8 /* AppDelegate.swift in Sources */ = {isa = PBXBuildFile; fileRef = 8FF94E0626A960F4007309F8 /* AppDelegate.swift */; };
		8FF94E0926A960F4007309F8 /* SceneDelegate.swift in Sources */ = {isa = PBXBuildFile; fileRef = 8FF94E0826A960F4007309F8 /* SceneDelegate.swift */; };
		8FF94E1026A960F5007309F8 /* Assets.xcassets in Resources */ = {isa = PBXBuildFile; fileRef = 8FF94E0F26A960F5007309F8 /* Assets.xcassets */; };
		8FF94E1326A960F5007309F8 /* LaunchScreen.storyboard in Resources */ = {isa = PBXBuildFile; fileRef = 8FF94E1126A960F5007309F8 /* LaunchScreen.storyboard */; };
		AED85FBCD352D34019719075 /* Pods_airvironment_2021_mobile.framework in Frameworks */ = {isa = PBXBuildFile; fileRef = 5291C04684651C129858BCA1 /* Pods_airvironment_2021_mobile.framework */; };
/* End PBXBuildFile section */

/* Begin PBXFileReference section */
		26BA5772D90BCB3D306E9450 /* Pods-airvironment-2021-mobile.debug.xcconfig */ = {isa = PBXFileReference; includeInIndex = 1; lastKnownFileType = text.xcconfig; name = "Pods-airvironment-2021-mobile.debug.xcconfig"; path = "Target Support Files/Pods-airvironment-2021-mobile/Pods-airvironment-2021-mobile.debug.xcconfig"; sourceTree = "<group>"; };
		5291C04684651C129858BCA1 /* Pods_airvironment_2021_mobile.framework */ = {isa = PBXFileReference; explicitFileType = wrapper.framework; includeInIndex = 0; path = Pods_airvironment_2021_mobile.framework; sourceTree = BUILT_PRODUCTS_DIR; };
		89834E62074869519C5D2740 /* Pods-airvironment-2021-mobile.release.xcconfig */ = {isa = PBXFileReference; includeInIndex = 1; lastKnownFileType = text.xcconfig; name = "Pods-airvironment-2021-mobile.release.xcconfig"; path = "Target Support Files/Pods-airvironment-2021-mobile/Pods-airvironment-2021-mobile.release.xcconfig"; sourceTree = "<group>"; };
		8F05DA4126A964EE004EA79B /* MainScreenViewController.swift */ = {isa = PBXFileReference; lastKnownFileType = sourcecode.swift; path = MainScreenViewController.swift; sourceTree = "<group>"; };
		8F05DA4226A964EE004EA79B /* MainScreenViewController.xib */ = {isa = PBXFileReference; lastKnownFileType = file.xib; path = MainScreenViewController.xib; sourceTree = "<group>"; };
		8F05DA4526A96507004EA79B /* MainScreenViewModel.swift */ = {isa = PBXFileReference; lastKnownFileType = sourcecode.swift; path = MainScreenViewModel.swift; sourceTree = "<group>"; };
		8F05DA4926A97FCD004EA79B /* Repository.swift */ = {isa = PBXFileReference; lastKnownFileType = sourcecode.swift; path = Repository.swift; sourceTree = "<group>"; };
		8F05DA4C26A98046004EA79B /* Measurement.swift */ = {isa = PBXFileReference; lastKnownFileType = sourcecode.swift; path = Measurement.swift; sourceTree = "<group>"; };
		8F05DA4E26A981F7004EA79B /* RemoteDataSource.swift */ = {isa = PBXFileReference; lastKnownFileType = sourcecode.swift; path = RemoteDataSource.swift; sourceTree = "<group>"; };
		8F05DA5126A98291004EA79B /* Router.swift */ = {isa = PBXFileReference; lastKnownFileType = sourcecode.swift; path = Router.swift; sourceTree = "<group>"; };
		8F05DA5326A98341004EA79B /* AlamofireDataSource.swift */ = {isa = PBXFileReference; lastKnownFileType = sourcecode.swift; path = AlamofireDataSource.swift; sourceTree = "<group>"; };
		8F05DA5626A98438004EA79B /* RepositoryImplementation.swift */ = {isa = PBXFileReference; lastKnownFileType = sourcecode.swift; path = RepositoryImplementation.swift; sourceTree = "<group>"; };
		8F05DA5B26A98BF5004EA79B /* MeasurementHistoryScreenViewModel.swift */ = {isa = PBXFileReference; lastKnownFileType = sourcecode.swift; path = MeasurementHistoryScreenViewModel.swift; sourceTree = "<group>"; };
		8F05DA5D26A98C17004EA79B /* MeasurementHistoryScreenViewController.swift */ = {isa = PBXFileReference; lastKnownFileType = sourcecode.swift; path = MeasurementHistoryScreenViewController.swift; sourceTree = "<group>"; };
		8F05DA5E26A98C17004EA79B /* MeasurementHistoryScreenViewController.xib */ = {isa = PBXFileReference; lastKnownFileType = file.xib; path = MeasurementHistoryScreenViewController.xib; sourceTree = "<group>"; };
		8F05DA6226A98C68004EA79B /* MeasurementHistoryTableViewCell.swift */ = {isa = PBXFileReference; lastKnownFileType = sourcecode.swift; path = MeasurementHistoryTableViewCell.swift; sourceTree = "<group>"; };
		8F05DA6326A98C68004EA79B /* MeasurementHistoryTableViewCell.xib */ = {isa = PBXFileReference; lastKnownFileType = file.xib; path = MeasurementHistoryTableViewCell.xib; sourceTree = "<group>"; };
		8F05DA6626A9AD7A004EA79B /* Meta.swift */ = {isa = PBXFileReference; lastKnownFileType = sourcecode.swift; path = Meta.swift; sourceTree = "<group>"; };
		8F05DA6826A9AEE0004EA79B /* MeasurementCollection.swift */ = {isa = PBXFileReference; lastKnownFileType = sourcecode.swift; path = MeasurementCollection.swift; sourceTree = "<group>"; };
		8F5EB11726AABE7A0028E384 /* BaseViewController.swift */ = {isa = PBXFileReference; lastKnownFileType = sourcecode.swift; path = BaseViewController.swift; sourceTree = "<group>"; };
		8F5EB11926AABE8F0028E384 /* BaseViewModel.swift */ = {isa = PBXFileReference; lastKnownFileType = sourcecode.swift; path = BaseViewModel.swift; sourceTree = "<group>"; };
		8F5EB11C26AAC2DE0028E384 /* LoadingOverlay.swift */ = {isa = PBXFileReference; lastKnownFileType = sourcecode.swift; path = LoadingOverlay.swift; sourceTree = "<group>"; };
		8F5EB12226AAD2EB0028E384 /* ViewUtils.swift */ = {isa = PBXFileReference; lastKnownFileType = sourcecode.swift; path = ViewUtils.swift; sourceTree = "<group>"; };
		8F5EB12426AAD3F10028E384 /* LoadingOverlay.xib */ = {isa = PBXFileReference; lastKnownFileType = file.xib; path = LoadingOverlay.xib; sourceTree = "<group>"; };
		8F5EB12626AAF73C0028E384 /* CodableExtensions.swift */ = {isa = PBXFileReference; lastKnownFileType = sourcecode.swift; path = CodableExtensions.swift; sourceTree = "<group>"; };
		8FF94E0326A960F4007309F8 /* airvironment-2021-mobile.app */ = {isa = PBXFileReference; explicitFileType = wrapper.application; includeInIndex = 0; path = "airvironment-2021-mobile.app"; sourceTree = BUILT_PRODUCTS_DIR; };
		8FF94E0626A960F4007309F8 /* AppDelegate.swift */ = {isa = PBXFileReference; lastKnownFileType = sourcecode.swift; path = AppDelegate.swift; sourceTree = "<group>"; };
		8FF94E0826A960F4007309F8 /* SceneDelegate.swift */ = {isa = PBXFileReference; lastKnownFileType = sourcecode.swift; path = SceneDelegate.swift; sourceTree = "<group>"; };
		8FF94E0F26A960F5007309F8 /* Assets.xcassets */ = {isa = PBXFileReference; lastKnownFileType = folder.assetcatalog; path = Assets.xcassets; sourceTree = "<group>"; };
		8FF94E1226A960F5007309F8 /* Base */ = {isa = PBXFileReference; lastKnownFileType = file.storyboard; name = Base; path = Base.lproj/LaunchScreen.storyboard; sourceTree = "<group>"; };
		8FF94E1426A960F5007309F8 /* Info.plist */ = {isa = PBXFileReference; lastKnownFileType = text.plist.xml; path = Info.plist; sourceTree = "<group>"; };
/* End PBXFileReference section */

/* Begin PBXFrameworksBuildPhase section */
		8FF94E0026A960F4007309F8 /* Frameworks */ = {
			isa = PBXFrameworksBuildPhase;
			buildActionMask = 2147483647;
			files = (
				AED85FBCD352D34019719075 /* Pods_airvironment_2021_mobile.framework in Frameworks */,
			);
			runOnlyForDeploymentPostprocessing = 0;
		};
/* End PBXFrameworksBuildPhase section */

/* Begin PBXGroup section */
		5615D401FBC99EF175700283 /* Pods */ = {
			isa = PBXGroup;
			children = (
				26BA5772D90BCB3D306E9450 /* Pods-airvironment-2021-mobile.debug.xcconfig */,
				89834E62074869519C5D2740 /* Pods-airvironment-2021-mobile.release.xcconfig */,
			);
			path = Pods;
			sourceTree = "<group>";
		};
		8F05DA3D26A96453004EA79B /* Features */ = {
			isa = PBXGroup;
			children = (
				8F5EB11126AABC0C0028E384 /* Base */,
				8F05DA5826A98BA5004EA79B /* Measurement History Screen */,
				8F05DA3E26A9647B004EA79B /* Main Screen */,
			);
			path = Features;
			sourceTree = "<group>";
		};
		8F05DA3E26A9647B004EA79B /* Main Screen */ = {
			isa = PBXGroup;
			children = (
				8F05DA4026A96493004EA79B /* View */,
				8F05DA3F26A96484004EA79B /* View Model */,
			);
			path = "Main Screen";
			sourceTree = "<group>";
		};
		8F05DA3F26A96484004EA79B /* View Model */ = {
			isa = PBXGroup;
			children = (
				8F05DA4526A96507004EA79B /* MainScreenViewModel.swift */,
			);
			path = "View Model";
			sourceTree = "<group>";
		};
		8F05DA4026A96493004EA79B /* View */ = {
			isa = PBXGroup;
			children = (
				8F05DA4126A964EE004EA79B /* MainScreenViewController.swift */,
				8F05DA4226A964EE004EA79B /* MainScreenViewController.xib */,
			);
			path = View;
			sourceTree = "<group>";
		};
		8F05DA4726A97F81004EA79B /* Repository */ = {
			isa = PBXGroup;
			children = (
				8F05DA4926A97FCD004EA79B /* Repository.swift */,
				8F05DA5626A98438004EA79B /* RepositoryImplementation.swift */,
			);
			path = Repository;
			sourceTree = "<group>";
		};
		8F05DA4826A97F98004EA79B /* RemoteDataSource */ = {
			isa = PBXGroup;
			children = (
				8F05DA5026A98267004EA79B /* AlamofireDataSource */,
				8F05DA4B26A98014004EA79B /* Models */,
				8F05DA4E26A981F7004EA79B /* RemoteDataSource.swift */,
			);
			path = RemoteDataSource;
			sourceTree = "<group>";
		};
		8F05DA4B26A98014004EA79B /* Models */ = {
			isa = PBXGroup;
			children = (
				8F05DA4C26A98046004EA79B /* Measurement.swift */,
				8F05DA6626A9AD7A004EA79B /* Meta.swift */,
				8F05DA6826A9AEE0004EA79B /* MeasurementCollection.swift */,
			);
			path = Models;
			sourceTree = "<group>";
		};
		8F05DA5026A98267004EA79B /* AlamofireDataSource */ = {
			isa = PBXGroup;
			children = (
				8F05DA5126A98291004EA79B /* Router.swift */,
				8F05DA5326A98341004EA79B /* AlamofireDataSource.swift */,
			);
			path = AlamofireDataSource;
			sourceTree = "<group>";
		};
		8F05DA5826A98BA5004EA79B /* Measurement History Screen */ = {
			isa = PBXGroup;
			children = (
				8F05DA6126A98C1C004EA79B /* Cell */,
				8F05DA5926A98BCB004EA79B /* View */,
				8F05DA5A26A98BD1004EA79B /* View Model */,
			);
			path = "Measurement History Screen";
			sourceTree = "<group>";
		};
		8F05DA5926A98BCB004EA79B /* View */ = {
			isa = PBXGroup;
			children = (
				8F05DA5D26A98C17004EA79B /* MeasurementHistoryScreenViewController.swift */,
				8F05DA5E26A98C17004EA79B /* MeasurementHistoryScreenViewController.xib */,
			);
			path = View;
			sourceTree = "<group>";
		};
		8F05DA5A26A98BD1004EA79B /* View Model */ = {
			isa = PBXGroup;
			children = (
				8F05DA5B26A98BF5004EA79B /* MeasurementHistoryScreenViewModel.swift */,
			);
			path = "View Model";
			sourceTree = "<group>";
		};
		8F05DA6126A98C1C004EA79B /* Cell */ = {
			isa = PBXGroup;
			children = (
				8F05DA6226A98C68004EA79B /* MeasurementHistoryTableViewCell.swift */,
				8F05DA6326A98C68004EA79B /* MeasurementHistoryTableViewCell.xib */,
			);
			path = Cell;
			sourceTree = "<group>";
		};
		8F5EB11126AABC0C0028E384 /* Base */ = {
			isa = PBXGroup;
			children = (
				8F5EB11726AABE7A0028E384 /* BaseViewController.swift */,
				8F5EB11926AABE8F0028E384 /* BaseViewModel.swift */,
			);
			path = Base;
			sourceTree = "<group>";
		};
		8F5EB11B26AAC2C40028E384 /* LoadingOverlay */ = {
			isa = PBXGroup;
			children = (
				8F5EB11C26AAC2DE0028E384 /* LoadingOverlay.swift */,
				8F5EB12426AAD3F10028E384 /* LoadingOverlay.xib */,
			);
			path = LoadingOverlay;
			sourceTree = "<group>";
		};
		8F5EB11E26AAD1250028E384 /* CustomUI */ = {
			isa = PBXGroup;
			children = (
				8F5EB11B26AAC2C40028E384 /* LoadingOverlay */,
			);
			path = CustomUI;
			sourceTree = "<group>";
		};
		8F5EB12126AAD2D90028E384 /* Utils */ = {
			isa = PBXGroup;
			children = (
				8F5EB12226AAD2EB0028E384 /* ViewUtils.swift */,
				8F5EB12626AAF73C0028E384 /* CodableExtensions.swift */,
			);
			path = Utils;
			sourceTree = "<group>";
		};
		8FF94DFA26A960F4007309F8 = {
			isa = PBXGroup;
			children = (
				8FF94E0526A960F4007309F8 /* airvironment-2021-mobile */,
				8FF94E0426A960F4007309F8 /* Products */,
				5615D401FBC99EF175700283 /* Pods */,
				C6BFACD0992951CB6D1F98A0 /* Frameworks */,
			);
			sourceTree = "<group>";
		};
		8FF94E0426A960F4007309F8 /* Products */ = {
			isa = PBXGroup;
			children = (
				8FF94E0326A960F4007309F8 /* airvironment-2021-mobile.app */,
			);
			name = Products;
			sourceTree = "<group>";
		};
		8FF94E0526A960F4007309F8 /* airvironment-2021-mobile */ = {
			isa = PBXGroup;
			children = (
				8F5EB12126AAD2D90028E384 /* Utils */,
				8F5EB11E26AAD1250028E384 /* CustomUI */,
				8F05DA4826A97F98004EA79B /* RemoteDataSource */,
				8F05DA4726A97F81004EA79B /* Repository */,
				8F05DA3D26A96453004EA79B /* Features */,
				8FF94E0626A960F4007309F8 /* AppDelegate.swift */,
				8FF94E0826A960F4007309F8 /* SceneDelegate.swift */,
				8FF94E0F26A960F5007309F8 /* Assets.xcassets */,
				8FF94E1126A960F5007309F8 /* LaunchScreen.storyboard */,
				8FF94E1426A960F5007309F8 /* Info.plist */,
			);
			path = "airvironment-2021-mobile";
			sourceTree = "<group>";
		};
		C6BFACD0992951CB6D1F98A0 /* Frameworks */ = {
			isa = PBXGroup;
			children = (
				5291C04684651C129858BCA1 /* Pods_airvironment_2021_mobile.framework */,
			);
			name = Frameworks;
			sourceTree = "<group>";
		};
/* End PBXGroup section */

/* Begin PBXNativeTarget section */
		8FF94E0226A960F4007309F8 /* airvironment-2021-mobile */ = {
			isa = PBXNativeTarget;
			buildConfigurationList = 8FF94E1726A960F5007309F8 /* Build configuration list for PBXNativeTarget "airvironment-2021-mobile" */;
			buildPhases = (
				92677C9E93A6D3AFB221C000 /* [CP] Check Pods Manifest.lock */,
				8FF94DFF26A960F4007309F8 /* Sources */,
				8FF94E0026A960F4007309F8 /* Frameworks */,
				8FF94E0126A960F4007309F8 /* Resources */,
				8BCA40CAB96A202F877F05BB /* [CP] Embed Pods Frameworks */,
			);
			buildRules = (
			);
			dependencies = (
			);
			name = "airvironment-2021-mobile";
			productName = "airvironment-2021-mobile";
			productReference = 8FF94E0326A960F4007309F8 /* airvironment-2021-mobile.app */;
			productType = "com.apple.product-type.application";
		};
/* End PBXNativeTarget section */

/* Begin PBXProject section */
		8FF94DFB26A960F4007309F8 /* Project object */ = {
			isa = PBXProject;
			attributes = {
				LastSwiftUpdateCheck = 1250;
				LastUpgradeCheck = 1250;
				TargetAttributes = {
					8FF94E0226A960F4007309F8 = {
						CreatedOnToolsVersion = 12.5.1;
					};
				};
			};
			buildConfigurationList = 8FF94DFE26A960F4007309F8 /* Build configuration list for PBXProject "airvironment-2021-mobile" */;
			compatibilityVersion = "Xcode 9.3";
			developmentRegion = en;
			hasScannedForEncodings = 0;
			knownRegions = (
				en,
				Base,
			);
			mainGroup = 8FF94DFA26A960F4007309F8;
			productRefGroup = 8FF94E0426A960F4007309F8 /* Products */;
			projectDirPath = "";
			projectRoot = "";
			targets = (
				8FF94E0226A960F4007309F8 /* airvironment-2021-mobile */,
			);
		};
/* End PBXProject section */

/* Begin PBXResourcesBuildPhase section */
		8FF94E0126A960F4007309F8 /* Resources */ = {
			isa = PBXResourcesBuildPhase;
			buildActionMask = 2147483647;
			files = (
				8FF94E1326A960F5007309F8 /* LaunchScreen.storyboard in Resources */,
				8F05DA4426A964EE004EA79B /* MainScreenViewController.xib in Resources */,
				8F05DA6026A98C17004EA79B /* MeasurementHistoryScreenViewController.xib in Resources */,
				8F5EB12526AAD3F10028E384 /* LoadingOverlay.xib in Resources */,
				8FF94E1026A960F5007309F8 /* Assets.xcassets in Resources */,
				8F05DA6526A98C68004EA79B /* MeasurementHistoryTableViewCell.xib in Resources */,
			);
			runOnlyForDeploymentPostprocessing = 0;
		};
/* End PBXResourcesBuildPhase section */

/* Begin PBXShellScriptBuildPhase section */
		8BCA40CAB96A202F877F05BB /* [CP] Embed Pods Frameworks */ = {
			isa = PBXShellScriptBuildPhase;
			buildActionMask = 2147483647;
			files = (
			);
			inputFileListPaths = (
				"${PODS_ROOT}/Target Support Files/Pods-airvironment-2021-mobile/Pods-airvironment-2021-mobile-frameworks-${CONFIGURATION}-input-files.xcfilelist",
			);
			name = "[CP] Embed Pods Frameworks";
			outputFileListPaths = (
				"${PODS_ROOT}/Target Support Files/Pods-airvironment-2021-mobile/Pods-airvironment-2021-mobile-frameworks-${CONFIGURATION}-output-files.xcfilelist",
			);
			runOnlyForDeploymentPostprocessing = 0;
			shellPath = /bin/sh;
			shellScript = "\"${PODS_ROOT}/Target Support Files/Pods-airvironment-2021-mobile/Pods-airvironment-2021-mobile-frameworks.sh\"\n";
			showEnvVarsInLog = 0;
		};
		92677C9E93A6D3AFB221C000 /* [CP] Check Pods Manifest.lock */ = {
			isa = PBXShellScriptBuildPhase;
			buildActionMask = 2147483647;
			files = (
			);
			inputFileListPaths = (
			);
			inputPaths = (
				"${PODS_PODFILE_DIR_PATH}/Podfile.lock",
				"${PODS_ROOT}/Manifest.lock",
			);
			name = "[CP] Check Pods Manifest.lock";
			outputFileListPaths = (
			);
			outputPaths = (
				"$(DERIVED_FILE_DIR)/Pods-airvironment-2021-mobile-checkManifestLockResult.txt",
			);
			runOnlyForDeploymentPostprocessing = 0;
			shellPath = /bin/sh;
			shellScript = "diff \"${PODS_PODFILE_DIR_PATH}/Podfile.lock\" \"${PODS_ROOT}/Manifest.lock\" > /dev/null\nif [ $? != 0 ] ; then\n    # print error to STDERR\n    echo \"error: The sandbox is not in sync with the Podfile.lock. Run 'pod install' or update your CocoaPods installation.\" >&2\n    exit 1\nfi\n# This output is used by Xcode 'outputs' to avoid re-running this script phase.\necho \"SUCCESS\" > \"${SCRIPT_OUTPUT_FILE_0}\"\n";
			showEnvVarsInLog = 0;
		};
/* End PBXShellScriptBuildPhase section */

/* Begin PBXSourcesBuildPhase section */
		8FF94DFF26A960F4007309F8 /* Sources */ = {
			isa = PBXSourcesBuildPhase;
			buildActionMask = 2147483647;
			files = (
				8F05DA5226A98291004EA79B /* Router.swift in Sources */,
				8F05DA6426A98C68004EA79B /* MeasurementHistoryTableViewCell.swift in Sources */,
				8F5EB11A26AABE8F0028E384 /* BaseViewModel.swift in Sources */,
				8F05DA4626A96507004EA79B /* MainScreenViewModel.swift in Sources */,
				8F05DA4F26A981F7004EA79B /* RemoteDataSource.swift in Sources */,
				8F05DA6926A9AEE0004EA79B /* MeasurementCollection.swift in Sources */,
				8F05DA4326A964EE004EA79B /* MainScreenViewController.swift in Sources */,
				8F05DA4D26A98046004EA79B /* Measurement.swift in Sources */,
				8F05DA4A26A97FCD004EA79B /* Repository.swift in Sources */,
				8F5EB12326AAD2EB0028E384 /* ViewUtils.swift in Sources */,
				8F05DA5F26A98C17004EA79B /* MeasurementHistoryScreenViewController.swift in Sources */,
				8F05DA5426A98341004EA79B /* AlamofireDataSource.swift in Sources */,
				8F5EB12726AAF73C0028E384 /* CodableExtensions.swift in Sources */,
				8F05DA5726A98438004EA79B /* RepositoryImplementation.swift in Sources */,
				8FF94E0726A960F4007309F8 /* AppDelegate.swift in Sources */,
				8F05DA5C26A98BF5004EA79B /* MeasurementHistoryScreenViewModel.swift in Sources */,
				8F5EB11826AABE7A0028E384 /* BaseViewController.swift in Sources */,
				8F05DA6726A9AD7A004EA79B /* Meta.swift in Sources */,
				8FF94E0926A960F4007309F8 /* SceneDelegate.swift in Sources */,
				8F5EB11D26AAC2DE0028E384 /* LoadingOverlay.swift in Sources */,
			);
			runOnlyForDeploymentPostprocessing = 0;
		};
/* End PBXSourcesBuildPhase section */

/* Begin PBXVariantGroup section */
		8FF94E1126A960F5007309F8 /* LaunchScreen.storyboard */ = {
			isa = PBXVariantGroup;
			children = (
				8FF94E1226A960F5007309F8 /* Base */,
			);
			name = LaunchScreen.storyboard;
			sourceTree = "<group>";
		};
/* End PBXVariantGroup section */

/* Begin XCBuildConfiguration section */
		8FF94E1526A960F5007309F8 /* Debug */ = {
			isa = XCBuildConfiguration;
			buildSettings = {
				ALWAYS_SEARCH_USER_PATHS = NO;
				CLANG_ANALYZER_NONNULL = YES;
				CLANG_ANALYZER_NUMBER_OBJECT_CONVERSION = YES_AGGRESSIVE;
				CLANG_CXX_LANGUAGE_STANDARD = "gnu++14";
				CLANG_CXX_LIBRARY = "libc++";
				CLANG_ENABLE_MODULES = YES;
				CLANG_ENABLE_OBJC_ARC = YES;
				CLANG_ENABLE_OBJC_WEAK = YES;
				CLANG_WARN_BLOCK_CAPTURE_AUTORELEASING = YES;
				CLANG_WARN_BOOL_CONVERSION = YES;
				CLANG_WARN_COMMA = YES;
				CLANG_WARN_CONSTANT_CONVERSION = YES;
				CLANG_WARN_DEPRECATED_OBJC_IMPLEMENTATIONS = YES;
				CLANG_WARN_DIRECT_OBJC_ISA_USAGE = YES_ERROR;
				CLANG_WARN_DOCUMENTATION_COMMENTS = YES;
				CLANG_WARN_EMPTY_BODY = YES;
				CLANG_WARN_ENUM_CONVERSION = YES;
				CLANG_WARN_INFINITE_RECURSION = YES;
				CLANG_WARN_INT_CONVERSION = YES;
				CLANG_WARN_NON_LITERAL_NULL_CONVERSION = YES;
				CLANG_WARN_OBJC_IMPLICIT_RETAIN_SELF = YES;
				CLANG_WARN_OBJC_LITERAL_CONVERSION = YES;
				CLANG_WARN_OBJC_ROOT_CLASS = YES_ERROR;
				CLANG_WARN_QUOTED_INCLUDE_IN_FRAMEWORK_HEADER = YES;
				CLANG_WARN_RANGE_LOOP_ANALYSIS = YES;
				CLANG_WARN_STRICT_PROTOTYPES = YES;
				CLANG_WARN_SUSPICIOUS_MOVE = YES;
				CLANG_WARN_UNGUARDED_AVAILABILITY = YES_AGGRESSIVE;
				CLANG_WARN_UNREACHABLE_CODE = YES;
				CLANG_WARN__DUPLICATE_METHOD_MATCH = YES;
				COPY_PHASE_STRIP = NO;
				DEBUG_INFORMATION_FORMAT = dwarf;
				ENABLE_STRICT_OBJC_MSGSEND = YES;
				ENABLE_TESTABILITY = YES;
				GCC_C_LANGUAGE_STANDARD = gnu11;
				GCC_DYNAMIC_NO_PIC = NO;
				GCC_NO_COMMON_BLOCKS = YES;
				GCC_OPTIMIZATION_LEVEL = 0;
				GCC_PREPROCESSOR_DEFINITIONS = (
					"DEBUG=1",
					"$(inherited)",
				);
				GCC_WARN_64_TO_32_BIT_CONVERSION = YES;
				GCC_WARN_ABOUT_RETURN_TYPE = YES_ERROR;
				GCC_WARN_UNDECLARED_SELECTOR = YES;
				GCC_WARN_UNINITIALIZED_AUTOS = YES_AGGRESSIVE;
				GCC_WARN_UNUSED_FUNCTION = YES;
				GCC_WARN_UNUSED_VARIABLE = YES;
				IPHONEOS_DEPLOYMENT_TARGET = 14.5;
				MTL_ENABLE_DEBUG_INFO = INCLUDE_SOURCE;
				MTL_FAST_MATH = YES;
				ONLY_ACTIVE_ARCH = YES;
				SDKROOT = iphoneos;
				SWIFT_ACTIVE_COMPILATION_CONDITIONS = DEBUG;
				SWIFT_OPTIMIZATION_LEVEL = "-Onone";
			};
			name = Debug;
		};
		8FF94E1626A960F5007309F8 /* Release */ = {
			isa = XCBuildConfiguration;
			buildSettings = {
				ALWAYS_SEARCH_USER_PATHS = NO;
				CLANG_ANALYZER_NONNULL = YES;
				CLANG_ANALYZER_NUMBER_OBJECT_CONVERSION = YES_AGGRESSIVE;
				CLANG_CXX_LANGUAGE_STANDARD = "gnu++14";
				CLANG_CXX_LIBRARY = "libc++";
				CLANG_ENABLE_MODULES = YES;
				CLANG_ENABLE_OBJC_ARC = YES;
				CLANG_ENABLE_OBJC_WEAK = YES;
				CLANG_WARN_BLOCK_CAPTURE_AUTORELEASING = YES;
				CLANG_WARN_BOOL_CONVERSION = YES;
				CLANG_WARN_COMMA = YES;
				CLANG_WARN_CONSTANT_CONVERSION = YES;
				CLANG_WARN_DEPRECATED_OBJC_IMPLEMENTATIONS = YES;
				CLANG_WARN_DIRECT_OBJC_ISA_USAGE = YES_ERROR;
				CLANG_WARN_DOCUMENTATION_COMMENTS = YES;
				CLANG_WARN_EMPTY_BODY = YES;
				CLANG_WARN_ENUM_CONVERSION = YES;
				CLANG_WARN_INFINITE_RECURSION = YES;
				CLANG_WARN_INT_CONVERSION = YES;
				CLANG_WARN_NON_LITERAL_NULL_CONVERSION = YES;
				CLANG_WARN_OBJC_IMPLICIT_RETAIN_SELF = YES;
				CLANG_WARN_OBJC_LITERAL_CONVERSION = YES;
				CLANG_WARN_OBJC_ROOT_CLASS = YES_ERROR;
				CLANG_WARN_QUOTED_INCLUDE_IN_FRAMEWORK_HEADER = YES;
				CLANG_WARN_RANGE_LOOP_ANALYSIS = YES;
				CLANG_WARN_STRICT_PROTOTYPES = YES;
				CLANG_WARN_SUSPICIOUS_MOVE = YES;
				CLANG_WARN_UNGUARDED_AVAILABILITY = YES_AGGRESSIVE;
				CLANG_WARN_UNREACHABLE_CODE = YES;
				CLANG_WARN__DUPLICATE_METHOD_MATCH = YES;
				COPY_PHASE_STRIP = NO;
				DEBUG_INFORMATION_FORMAT = "dwarf-with-dsym";
				ENABLE_NS_ASSERTIONS = NO;
				ENABLE_STRICT_OBJC_MSGSEND = YES;
				GCC_C_LANGUAGE_STANDARD = gnu11;
				GCC_NO_COMMON_BLOCKS = YES;
				GCC_WARN_64_TO_32_BIT_CONVERSION = YES;
				GCC_WARN_ABOUT_RETURN_TYPE = YES_ERROR;
				GCC_WARN_UNDECLARED_SELECTOR = YES;
				GCC_WARN_UNINITIALIZED_AUTOS = YES_AGGRESSIVE;
				GCC_WARN_UNUSED_FUNCTION = YES;
				GCC_WARN_UNUSED_VARIABLE = YES;
				IPHONEOS_DEPLOYMENT_TARGET = 14.5;
				MTL_ENABLE_DEBUG_INFO = NO;
				MTL_FAST_MATH = YES;
				SDKROOT = iphoneos;
				SWIFT_COMPILATION_MODE = wholemodule;
				SWIFT_OPTIMIZATION_LEVEL = "-O";
				VALIDATE_PRODUCT = YES;
			};
			name = Release;
		};
		8FF94E1826A960F5007309F8 /* Debug */ = {
			isa = XCBuildConfiguration;
			baseConfigurationReference = 26BA5772D90BCB3D306E9450 /* Pods-airvironment-2021-mobile.debug.xcconfig */;
			buildSettings = {
				ASSETCATALOG_COMPILER_APPICON_NAME = AppIcon;
				ASSETCATALOG_COMPILER_GLOBAL_ACCENT_COLOR_NAME = AccentColor;
				CODE_SIGN_STYLE = Automatic;
				INFOPLIST_FILE = "airvironment-2021-mobile/Info.plist";
				LD_RUNPATH_SEARCH_PATHS = (
					"$(inherited)",
					"@executable_path/Frameworks",
				);
				PRODUCT_BUNDLE_IDENTIFIER = "rs.rbt.internship.airvironment-2021-mobile";
				PRODUCT_NAME = "$(TARGET_NAME)";
				SWIFT_VERSION = 5.0;
				TARGETED_DEVICE_FAMILY = "1,2";
			};
			name = Debug;
		};
		8FF94E1926A960F5007309F8 /* Release */ = {
			isa = XCBuildConfiguration;
			baseConfigurationReference = 89834E62074869519C5D2740 /* Pods-airvironment-2021-mobile.release.xcconfig */;
			buildSettings = {
				ASSETCATALOG_COMPILER_APPICON_NAME = AppIcon;
				ASSETCATALOG_COMPILER_GLOBAL_ACCENT_COLOR_NAME = AccentColor;
				CODE_SIGN_STYLE = Automatic;
				INFOPLIST_FILE = "airvironment-2021-mobile/Info.plist";
				LD_RUNPATH_SEARCH_PATHS = (
					"$(inherited)",
					"@executable_path/Frameworks",
				);
				PRODUCT_BUNDLE_IDENTIFIER = "rs.rbt.internship.airvironment-2021-mobile";
				PRODUCT_NAME = "$(TARGET_NAME)";
				SWIFT_VERSION = 5.0;
				TARGETED_DEVICE_FAMILY = "1,2";
			};
			name = Release;
		};
/* End XCBuildConfiguration section */

/* Begin XCConfigurationList section */
		8FF94DFE26A960F4007309F8 /* Build configuration list for PBXProject "airvironment-2021-mobile" */ = {
			isa = XCConfigurationList;
			buildConfigurations = (
				8FF94E1526A960F5007309F8 /* Debug */,
				8FF94E1626A960F5007309F8 /* Release */,
			);
			defaultConfigurationIsVisible = 0;
			defaultConfigurationName = Release;
		};
		8FF94E1726A960F5007309F8 /* Build configuration list for PBXNativeTarget "airvironment-2021-mobile" */ = {
			isa = XCConfigurationList;
			buildConfigurations = (
				8FF94E1826A960F5007309F8 /* Debug */,
				8FF94E1926A960F5007309F8 /* Release */,
			);
			defaultConfigurationIsVisible = 0;
			defaultConfigurationName = Release;
		};
/* End XCConfigurationList section */
	};
	rootObject = 8FF94DFB26A960F4007309F8 /* Project object */;
}
